// !$*UTF8*$!
{
	archiveVersion = 1;
	classes = {
	};
	objectVersion = 46;
	objects = {

/* Begin PBXBuildFile section */
		2044CDA21BB217A30026660F /* AppDelegate.swift in Sources */ = {isa = PBXBuildFile; fileRef = 2044CDA11BB217A30026660F /* AppDelegate.swift */; };
		2044CDA41BB217A30026660F /* ViewController.swift in Sources */ = {isa = PBXBuildFile; fileRef = 2044CDA31BB217A30026660F /* ViewController.swift */; };
		2044CDA71BB217A30026660F /* Main.storyboard in Resources */ = {isa = PBXBuildFile; fileRef = 2044CDA51BB217A30026660F /* Main.storyboard */; };
		2044CDA91BB217A30026660F /* Assets.xcassets in Resources */ = {isa = PBXBuildFile; fileRef = 2044CDA81BB217A30026660F /* Assets.xcassets */; };
		2044CDAC1BB217A30026660F /* LaunchScreen.storyboard in Resources */ = {isa = PBXBuildFile; fileRef = 2044CDAA1BB217A30026660F /* LaunchScreen.storyboard */; };
		2044CDB41BB219ED0026660F /* IntroViewController.swift in Sources */ = {isa = PBXBuildFile; fileRef = 2044CDB31BB219ED0026660F /* IntroViewController.swift */; };
		20D2CD811BB316A80018440D /* Common.swift in Sources */ = {isa = PBXBuildFile; fileRef = 20D2CD801BB316A80018440D /* Common.swift */; };
		20D2CD831BB339C20018440D /* SignInViewController.swift in Sources */ = {isa = PBXBuildFile; fileRef = 20D2CD821BB339C20018440D /* SignInViewController.swift */; };
		20F38AA31BB3D5FC008314E6 /* TutorialViewController.swift in Sources */ = {isa = PBXBuildFile; fileRef = 20F38AA21BB3D5FC008314E6 /* TutorialViewController.swift */; };
		20F38AA51BB3DDCD008314E6 /* FeedViewController.swift in Sources */ = {isa = PBXBuildFile; fileRef = 20F38AA41BB3DDCD008314E6 /* FeedViewController.swift */; };
		20F38AA71BB3DFE3008314E6 /* ConversationsViewController.swift in Sources */ = {isa = PBXBuildFile; fileRef = 20F38AA61BB3DFE3008314E6 /* ConversationsViewController.swift */; };
		20F38AA91BB3E0AD008314E6 /* SettingsViewController.swift in Sources */ = {isa = PBXBuildFile; fileRef = 20F38AA81BB3E0AD008314E6 /* SettingsViewController.swift */; };
/* End PBXBuildFile section */

/* Begin PBXFileReference section */
		2044CD9E1BB217A30026660F /* CarouselDemo.app */ = {isa = PBXFileReference; explicitFileType = wrapper.application; includeInIndex = 0; path = CarouselDemo.app; sourceTree = BUILT_PRODUCTS_DIR; };
		2044CDA11BB217A30026660F /* AppDelegate.swift */ = {isa = PBXFileReference; lastKnownFileType = sourcecode.swift; path = AppDelegate.swift; sourceTree = "<group>"; };
		2044CDA31BB217A30026660F /* ViewController.swift */ = {isa = PBXFileReference; lastKnownFileType = sourcecode.swift; path = ViewController.swift; sourceTree = "<group>"; };
		2044CDA61BB217A30026660F /* Base */ = {isa = PBXFileReference; lastKnownFileType = file.storyboard; name = Base; path = Base.lproj/Main.storyboard; sourceTree = "<group>"; };
		2044CDA81BB217A30026660F /* Assets.xcassets */ = {isa = PBXFileReference; lastKnownFileType = folder.assetcatalog; path = Assets.xcassets; sourceTree = "<group>"; };
		2044CDAB1BB217A30026660F /* Base */ = {isa = PBXFileReference; lastKnownFileType = file.storyboard; name = Base; path = Base.lproj/LaunchScreen.storyboard; sourceTree = "<group>"; };
		2044CDAD1BB217A30026660F /* Info.plist */ = {isa = PBXFileReference; lastKnownFileType = text.plist.xml; path = Info.plist; sourceTree = "<group>"; };
		2044CDB31BB219ED0026660F /* IntroViewController.swift */ = {isa = PBXFileReference; fileEncoding = 4; lastKnownFileType = sourcecode.swift; name = IntroViewController.swift; path = ../IntroViewController.swift; sourceTree = "<group>"; };
		20D2CD801BB316A80018440D /* Common.swift */ = {isa = PBXFileReference; fileEncoding = 4; lastKnownFileType = sourcecode.swift; path = Common.swift; sourceTree = "<group>"; };
		20D2CD821BB339C20018440D /* SignInViewController.swift */ = {isa = PBXFileReference; fileEncoding = 4; lastKnownFileType = sourcecode.swift; name = SignInViewController.swift; path = ../SignInViewController.swift; sourceTree = "<group>"; };
		20F38AA21BB3D5FC008314E6 /* TutorialViewController.swift */ = {isa = PBXFileReference; fileEncoding = 4; lastKnownFileType = sourcecode.swift; path = TutorialViewController.swift; sourceTree = "<group>"; };
		20F38AA41BB3DDCD008314E6 /* FeedViewController.swift */ = {isa = PBXFileReference; fileEncoding = 4; lastKnownFileType = sourcecode.swift; path = FeedViewController.swift; sourceTree = "<group>"; };
		20F38AA61BB3DFE3008314E6 /* ConversationsViewController.swift */ = {isa = PBXFileReference; fileEncoding = 4; lastKnownFileType = sourcecode.swift; path = ConversationsViewController.swift; sourceTree = "<group>"; };
		20F38AA81BB3E0AD008314E6 /* SettingsViewController.swift */ = {isa = PBXFileReference; fileEncoding = 4; lastKnownFileType = sourcecode.swift; path = SettingsViewController.swift; sourceTree = "<group>"; };
/* End PBXFileReference section */

/* Begin PBXFrameworksBuildPhase section */
		2044CD9B1BB217A30026660F /* Frameworks */ = {
			isa = PBXFrameworksBuildPhase;
			buildActionMask = 2147483647;
			files = (
			);
			runOnlyForDeploymentPostprocessing = 0;
		};
/* End PBXFrameworksBuildPhase section */

/* Begin PBXGroup section */
		2044CD951BB217A30026660F = {
			isa = PBXGroup;
			children = (
				20F38AA81BB3E0AD008314E6 /* SettingsViewController.swift */,
				20F38AA61BB3DFE3008314E6 /* ConversationsViewController.swift */,
				20F38AA41BB3DDCD008314E6 /* FeedViewController.swift */,
				20F38AA21BB3D5FC008314E6 /* TutorialViewController.swift */,
				2044CDA01BB217A30026660F /* CarouselDemo */,
				2044CD9F1BB217A30026660F /* Products */,
			);
			sourceTree = "<group>";
		};
		2044CD9F1BB217A30026660F /* Products */ = {
			isa = PBXGroup;
			children = (
				2044CD9E1BB217A30026660F /* CarouselDemo.app */,
			);
			name = Products;
			sourceTree = "<group>";
		};
		2044CDA01BB217A30026660F /* CarouselDemo */ = {
			isa = PBXGroup;
			children = (
				2044CDB31BB219ED0026660F /* IntroViewController.swift */,
				20D2CD821BB339C20018440D /* SignInViewController.swift */,
				20D2CD801BB316A80018440D /* Common.swift */,
				2044CDA11BB217A30026660F /* AppDelegate.swift */,
				2044CDA31BB217A30026660F /* ViewController.swift */,
				2044CDA51BB217A30026660F /* Main.storyboard */,
				2044CDA81BB217A30026660F /* Assets.xcassets */,
				2044CDAA1BB217A30026660F /* LaunchScreen.storyboard */,
				2044CDAD1BB217A30026660F /* Info.plist */,
			);
			path = CarouselDemo;
			sourceTree = "<group>";
		};
/* End PBXGroup section */

/* Begin PBXNativeTarget section */
		2044CD9D1BB217A30026660F /* CarouselDemo */ = {
			isa = PBXNativeTarget;
			buildConfigurationList = 2044CDB01BB217A30026660F /* Build configuration list for PBXNativeTarget "CarouselDemo" */;
			buildPhases = (
				2044CD9A1BB217A30026660F /* Sources */,
				2044CD9B1BB217A30026660F /* Frameworks */,
				2044CD9C1BB217A30026660F /* Resources */,
			);
			buildRules = (
			);
			dependencies = (
			);
			name = CarouselDemo;
			productName = CarouselDemo;
			productReference = 2044CD9E1BB217A30026660F /* CarouselDemo.app */;
			productType = "com.apple.product-type.application";
		};
/* End PBXNativeTarget section */

/* Begin PBXProject section */
		2044CD961BB217A30026660F /* Project object */ = {
			isa = PBXProject;
			attributes = {
				LastUpgradeCheck = 0710;
				ORGANIZATIONNAME = "Gilbert Guerrero";
				TargetAttributes = {
					2044CD9D1BB217A30026660F = {
						CreatedOnToolsVersion = 7.1;
						DevelopmentTeam = F7Y2E6X6SW;
					};
				};
			};
			buildConfigurationList = 2044CD991BB217A30026660F /* Build configuration list for PBXProject "CarouselDemo" */;
			compatibilityVersion = "Xcode 3.2";
			developmentRegion = English;
			hasScannedForEncodings = 0;
			knownRegions = (
				en,
				Base,
			);
			mainGroup = 2044CD951BB217A30026660F;
			productRefGroup = 2044CD9F1BB217A30026660F /* Products */;
			projectDirPath = "";
			projectRoot = "";
			targets = (
				2044CD9D1BB217A30026660F /* CarouselDemo */,
			);
		};
/* End PBXProject section */

/* Begin PBXResourcesBuildPhase section */
		2044CD9C1BB217A30026660F /* Resources */ = {
			isa = PBXResourcesBuildPhase;
			buildActionMask = 2147483647;
			files = (
				2044CDAC1BB217A30026660F /* LaunchScreen.storyboard in Resources */,
				2044CDA91BB217A30026660F /* Assets.xcassets in Resources */,
				2044CDA71BB217A30026660F /* Main.storyboard in Resources */,
			);
			runOnlyForDeploymentPostprocessing = 0;
		};
/* End PBXResourcesBuildPhase section */

/* Begin PBXSourcesBuildPhase section */
		2044CD9A1BB217A30026660F /* Sources */ = {
			isa = PBXSourcesBuildPhase;
			buildActionMask = 2147483647;
			files = (
				20D2CD811BB316A80018440D /* Common.swift in Sources */,
				2044CDB41BB219ED0026660F /* IntroViewController.swift in Sources */,
				2044CDA41BB217A30026660F /* ViewController.swift in Sources */,
				20F38AA71BB3DFE3008314E6 /* ConversationsViewController.swift in Sources */,
				20D2CD831BB339C20018440D /* SignInViewController.swift in Sources */,
				20F38AA31BB3D5FC008314E6 /* TutorialViewController.swift in Sources */,
				2044CDA21BB217A30026660F /* AppDelegate.swift in Sources */,
				20F38AA51BB3DDCD008314E6 /* FeedViewController.swift in Sources */,
				20F38AA91BB3E0AD008314E6 /* SettingsViewController.swift in Sources */,
			);
			runOnlyForDeploymentPostprocessing = 0;
		};
/* End PBXSourcesBuildPhase section */

/* Begin PBXVariantGroup section */
		2044CDA51BB217A30026660F /* Main.storyboard */ = {
			isa = PBXVariantGroup;
			children = (
				2044CDA61BB217A30026660F /* Base */,
			);
			name = Main.storyboard;
			sourceTree = "<group>";
		};
		2044CDAA1BB217A30026660F /* LaunchScreen.storyboard */ = {
			isa = PBXVariantGroup;
			children = (
				2044CDAB1BB217A30026660F /* Base */,
			);
			name = LaunchScreen.storyboard;
			sourceTree = "<group>";
		};
/* End PBXVariantGroup section */

/* Begin XCBuildConfiguration section */
		2044CDAE1BB217A30026660F /* Debug */ = {
			isa = XCBuildConfiguration;
			buildSettings = {
				ALWAYS_SEARCH_USER_PATHS = NO;
				CLANG_CXX_LANGUAGE_STANDARD = "gnu++0x";
				CLANG_CXX_LIBRARY = "libc++";
				CLANG_ENABLE_MODULES = YES;
				CLANG_ENABLE_OBJC_ARC = YES;
				CLANG_WARN_BOOL_CONVERSION = YES;
				CLANG_WARN_CONSTANT_CONVERSION = YES;
				CLANG_WARN_DIRECT_OBJC_ISA_USAGE = YES_ERROR;
				CLANG_WARN_EMPTY_BODY = YES;
				CLANG_WARN_ENUM_CONVERSION = YES;
				CLANG_WARN_INT_CONVERSION = YES;
				CLANG_WARN_OBJC_ROOT_CLASS = YES_ERROR;
				CLANG_WARN_UNREACHABLE_CODE = YES;
				CLANG_WARN__DUPLICATE_METHOD_MATCH = YES;
				"CODE_SIGN_IDENTITY[sdk=iphoneos*]" = "iPhone Developer";
				COPY_PHASE_STRIP = NO;
				DEBUG_INFORMATION_FORMAT = dwarf;
				ENABLE_STRICT_OBJC_MSGSEND = YES;
				ENABLE_TESTABILITY = YES;
				GCC_C_LANGUAGE_STANDARD = gnu99;
				GCC_DYNAMIC_NO_PIC = NO;
				GCC_NO_COMMON_BLOCKS = YES;
				GCC_OPTIMIZATION_LEVEL = 0;
				GCC_PREPROCESSOR_DEFINITIONS = (
					"DEBUG=1",
					"$(inherited)",
				);
				GCC_WARN_64_TO_32_BIT_CONVERSION = YES;
				GCC_WARN_ABOUT_RETURN_TYPE = YES_ERROR;
				GCC_WARN_UNDECLARED_SELECTOR = YES;
				GCC_WARN_UNINITIALIZED_AUTOS = YES_AGGRESSIVE;
				GCC_WARN_UNUSED_FUNCTION = YES;
				GCC_WARN_UNUSED_VARIABLE = YES;
				IPHONEOS_DEPLOYMENT_TARGET = 9.1;
				MTL_ENABLE_DEBUG_INFO = YES;
				ONLY_ACTIVE_ARCH = YES;
				SDKROOT = iphoneos;
				SWIFT_OPTIMIZATION_LEVEL = "-Onone";
			};
			name = Debug;
		};
		2044CDAF1BB217A30026660F /* Release */ = {
			isa = XCBuildConfiguration;
			buildSettings = {
				ALWAYS_SEARCH_USER_PATHS = NO;
				CLANG_CXX_LANGUAGE_STANDARD = "gnu++0x";
				CLANG_CXX_LIBRARY = "libc++";
				CLANG_ENABLE_MODULES = YES;
				CLANG_ENABLE_OBJC_ARC = YES;
				CLANG_WARN_BOOL_CONVERSION = YES;
				CLANG_WARN_CONSTANT_CONVERSION = YES;
				CLANG_WARN_DIRECT_OBJC_ISA_USAGE = YES_ERROR;
				CLANG_WARN_EMPTY_BODY = YES;
				CLANG_WARN_ENUM_CONVERSION = YES;
				CLANG_WARN_INT_CONVERSION = YES;
				CLANG_WARN_OBJC_ROOT_CLASS = YES_ERROR;
				CLANG_WARN_UNREACHABLE_CODE = YES;
				CLANG_WARN__DUPLICATE_METHOD_MATCH = YES;
				"CODE_SIGN_IDENTITY[sdk=iphoneos*]" = "iPhone Developer";
				COPY_PHASE_STRIP = NO;
				DEBUG_INFORMATION_FORMAT = "dwarf-with-dsym";
				ENABLE_NS_ASSERTIONS = NO;
				ENABLE_STRICT_OBJC_MSGSEND = YES;
				GCC_C_LANGUAGE_STANDARD = gnu99;
				GCC_NO_COMMON_BLOCKS = YES;
				GCC_WARN_64_TO_32_BIT_CONVERSION = YES;
				GCC_WARN_ABOUT_RETURN_TYPE = YES_ERROR;
				GCC_WARN_UNDECLARED_SELECTOR = YES;
				GCC_WARN_UNINITIALIZED_AUTOS = YES_AGGRESSIVE;
				GCC_WARN_UNUSED_FUNCTION = YES;
				GCC_WARN_UNUSED_VARIABLE = YES;
				IPHONEOS_DEPLOYMENT_TARGET = 9.1;
				MTL_ENABLE_DEBUG_INFO = NO;
				SDKROOT = iphoneos;
				VALIDATE_PRODUCT = YES;
			};
			name = Release;
		};
		2044CDB11BB217A30026660F /* Debug */ = {
			isa = XCBuildConfiguration;
			buildSettings = {
				ASSETCATALOG_COMPILER_APPICON_NAME = AppIcon;
				INFOPLIST_FILE = CarouselDemo/Info.plist;
				LD_RUNPATH_SEARCH_PATHS = "$(inherited) @executable_path/Frameworks";
				PRODUCT_BUNDLE_IDENTIFIER = com.gilbertguerrero.apps.CarouselDemo;
				PRODUCT_NAME = "$(TARGET_NAME)";
			};
			name = Debug;
		};
		2044CDB21BB217A30026660F /* Release */ = {
			isa = XCBuildConfiguration;
			buildSettings = {
				ASSETCATALOG_COMPILER_APPICON_NAME = AppIcon;
				INFOPLIST_FILE = CarouselDemo/Info.plist;
				LD_RUNPATH_SEARCH_PATHS = "$(inherited) @executable_path/Frameworks";
				PRODUCT_BUNDLE_IDENTIFIER = com.gilbertguerrero.apps.CarouselDemo;
				PRODUCT_NAME = "$(TARGET_NAME)";
			};
			name = Release;
		};
/* End XCBuildConfiguration section */

/* Begin XCConfigurationList section */
		2044CD991BB217A30026660F /* Build configuration list for PBXProject "CarouselDemo" */ = {
			isa = XCConfigurationList;
			buildConfigurations = (
				2044CDAE1BB217A30026660F /* Debug */,
				2044CDAF1BB217A30026660F /* Release */,
			);
			defaultConfigurationIsVisible = 0;
			defaultConfigurationName = Release;
		};
		2044CDB01BB217A30026660F /* Build configuration list for PBXNativeTarget "CarouselDemo" */ = {
			isa = XCConfigurationList;
			buildConfigurations = (
				2044CDB11BB217A30026660F /* Debug */,
				2044CDB21BB217A30026660F /* Release */,
			);
			defaultConfigurationIsVisible = 0;
			defaultConfigurationName = Release;
		};
/* End XCConfigurationList section */
	};
	rootObject = 2044CD961BB217A30026660F /* Project object */;
}
